github.com/clbanning/mxj/v2 v2.7.0 h1:WA/La7UGCanFe5NpHF0Q3DNtnCsVoxbPKuyBNHWRyME=
github.com/clbanning/mxj/v2 v2.7.0/go.mod h1:hNiWqW14h+kc+MdF9C6/YoRfjEJoR3ou6tn/Qo+ve2s=
github.com/shura1014/common v1.0.4 h1:DvdNdaW4xnGM/MKRSPFpoxUgrDueTi9C0H7EJTVrwmc=
github.com/shura1014/common v1.0.4/go.mod h1:iTzLDUVaRxncI4Pw28oGxqWQyMAEzNagnihRW6Yntfo=
github.com/shura1014/logger v1.0.1 h1:V/GATbrkNrZwOisEmaDYa2+cYlabpKLsWEsaX3cLf0w=
github.com/shura1014/logger v1.0.1/go.mod h1:91X/NusZ0dNv6m+db56u14ZUWNADSzwxA2WqKdGZyAk=
